
Microsoft Visual Studio Solution File, Format Version 12.00
# Visual Studio 15
VisualStudioVersion = 15.0.27130.0
MinimumVisualStudioVersion = 10.0.40219.1
Project("{FAE04EC0-301F-11D3-BF4B-00C04F79EFBC}") = "user-test", "WindowsFormsApp1\user-test.csproj", "{DD043C13-6791-4816-A5F8-504BB6641C26}"
	ProjectSection(ProjectDependencies) = postProject
		{212DF489-8995-49E2-9DD2-33A138BD481D} = {212DF489-8995-49E2-9DD2-33A138BD481D}
	EndProjectSection
EndProject
Project("{FAE04EC0-301F-11D3-BF4B-00C04F79EFBC}") = "css-to-xpath", "css-to-xpath\css-to-xpath.csproj", "{212DF489-8995-49E2-9DD2-33A138BD481D}"
EndProject
Global
	GlobalSection(SolutionConfigurationPlatforms) = preSolution
		Debug|Any CPU = Debug|Any CPU
		Release|Any CPU = Release|Any CPU
	EndGlobalSection
	GlobalSection(ProjectConfigurationPlatforms) = postSolution
		{DD043C13-6791-4816-A5F8-504BB6641C26}.Debug|Any CPU.ActiveCfg = Debug|Any CPU
		{DD043C13-6791-4816-A5F8-504BB6641C26}.Debug|Any CPU.Build.0 = Debug|Any CPU
		{DD043C13-6791-4816-A5F8-504BB6641C26}.Release|Any CPU.ActiveCfg = Release|Any CPU
		{DD043C13-6791-4816-A5F8-504BB6641C26}.Release|Any CPU.Build.0 = Release|Any CPU
		{212DF489-8995-49E2-9DD2-33A138BD481D}.Debug|Any CPU.ActiveCfg = Debug|Any CPU
		{212DF489-8995-49E2-9DD2-33A138BD481D}.Debug|Any CPU.Build.0 = Debug|Any CPU
		{212DF489-8995-49E2-9DD2-33A138BD481D}.Release|Any CPU.ActiveCfg = Release|Any CPU
		{212DF489-8995-49E2-9DD2-33A138BD481D}.Release|Any CPU.Build.0 = Release|Any CPU
	EndGlobalSection
	GlobalSection(SolutionProperties) = preSolution
		HideSolutionNode = FALSE
	EndGlobalSection
	GlobalSection(ExtensibilityGlobals) = postSolution
		SolutionGuid = {41E9E810-B5E5-4BB3-9909-09684851666F}
	EndGlobalSection
EndGlobal
